// !$*UTF8*$!
{
	archiveVersion = 1;
	classes = {
	};
	objectVersion = 56;
	objects = {

/* Begin PBXBuildFile section */
		196F67C62FC8A41300E5F446 /* GithubModel.swift in Sources */ = {isa = PBXBuildFile; fileRef = 196F67C52FC8A41200E5F446 /* GithubModel.swift */; };
		196F67C82FC8A48700E5F446 /* GitHubService.swift in Sources */ = {isa = PBXBuildFile; fileRef = 196F67C72FC8A48700E5F446 /* GitHubService.swift */; };
		196F67CA2FC8A4DD00E5F446 /* SearchViewModel.swift in Sources */ = {isa = PBXBuildFile; fileRef = 196F67C92FC8A4DD00E5F446 /* SearchViewModel.swift */; };
		19E5997A2D8A948A004F1DC1 /* barcalysApp.swift in Sources */ = {isa = PBXBuildFile; fileRef = 19E599792D8A948A004F1DC1 /* barcalysApp.swift */; };
		19E5997C2D8A948A004F1DC1 /* ContentView.swift in Sources */ = {isa = PBXBuildFile; fileRef = 19E5997B2D8A948A004F1DC1 /* ContentView.swift */; };
		19E5997E2D8A948C004F1DC1 /* Assets.xcassets in Resources */ = {isa = PBXBuildFile; fileRef = 19E5997D2D8A948C004F1DC1 /* Assets.xcassets */; };
		19E599812D8A948C004F1DC1 /* Preview Assets.xcassets in Resources */ = {isa = PBXBuildFile; fileRef = 19E599802D8A948C004F1DC1 /* Preview Assets.xcassets */; };
		19E5998B2D8A948C004F1DC1 /* barcalysTests.swift in Sources */ = {isa = PBXBuildFile; fileRef = 19E5998A2D8A948C004F1DC1 /* barcalysTests.swift */; };
		19E599952D8A948C004F1DC1 /* barcalysUITests.swift in Sources */ = {isa = PBXBuildFile; fileRef = 19E599942D8A948C004F1DC1 /* barcalysUITests.swift */; };
		19E599972D8A948C004F1DC1 /* barcalysUITestsLaunchTests.swift in Sources */ = {isa = PBXBuildFile; fileRef = 19E599962D8A948C004F1DC1 /* barcalysUITestsLaunchTests.swift */; };
/* End PBXBuildFile section */

/* Begin PBXContainerItemProxy section */
		19E599872D8A948C004F1DC1 /* PBXContainerItemProxy */ = {
			isa = PBXContainerItemProxy;
			containerPortal = 19E5996E2D8A948A004F1DC1 /* Project object */;
			proxyType = 1;
			remoteGlobalIDString = 19E599752D8A948A004F1DC1;
			remoteInfo = barcalys;
		};
		19E599912D8A948C004F1DC1 /* PBXContainerItemProxy */ = {
			isa = PBXContainerItemProxy;
			containerPortal = 19E5996E2D8A948A004F1DC1 /* Project object */;
			proxyType = 1;
			remoteGlobalIDString = 19E599752D8A948A004F1DC1;
			remoteInfo = barcalys;
		};
/* End PBXContainerItemProxy section */

/* Begin PBXFileReference section */
		196F67C52FC8A41200E5F446 /* GithubModel.swift */ = {isa = PBXFileReference; lastKnownFileType = sourcecode.swift; path = GithubModel.swift; sourceTree = "<group>"; };
		196F67C72FC8A48700E5F446 /* GitHubService.swift */ = {isa = PBXFileReference; lastKnownFileType = sourcecode.swift; path = GitHubService.swift; sourceTree = "<group>"; };
		196F67C92FC8A4DD00E5F446 /* SearchViewModel.swift */ = {isa = PBXFileReference; lastKnownFileType = sourcecode.swift; path = SearchViewModel.swift; sourceTree = "<group>"; };
		19E599762D8A948A004F1DC1 /* barcalys.app */ = {isa = PBXFileReference; explicitFileType = wrapper.application; includeInIndex = 0; path = barcalys.app; sourceTree = BUILT_PRODUCTS_DIR; };
		19E599792D8A948A004F1DC1 /* barcalysApp.swift */ = {isa = PBXFileReference; lastKnownFileType = sourcecode.swift; path = barcalysApp.swift; sourceTree = "<group>"; };
		19E5997B2D8A948A004F1DC1 /* ContentView.swift */ = {isa = PBXFileReference; lastKnownFileType = sourcecode.swift; path = ContentView.swift; sourceTree = "<group>"; };
		19E5997D2D8A948C004F1DC1 /* Assets.xcassets */ = {isa = PBXFileReference; lastKnownFileType = folder.assetcatalog; path = Assets.xcassets; sourceTree = "<group>"; };
		19E599802D8A948C004F1DC1 /* Preview Assets.xcassets */ = {isa = PBXFileReference; lastKnownFileType = folder.assetcatalog; path = "Preview Assets.xcassets"; sourceTree = "<group>"; };
		19E599862D8A948C004F1DC1 /* barcalysTests.xctest */ = {isa = PBXFileReference; explicitFileType = wrapper.cfbundle; includeInIndex = 0; path = barcalysTests.xctest; sourceTree = BUILT_PRODUCTS_DIR; };
		19E5998A2D8A948C004F1DC1 /* barcalysTests.swift */ = {isa = PBXFileReference; lastKnownFileType = sourcecode.swift; path = barcalysTests.swift; sourceTree = "<group>"; };
		19E599902D8A948C004F1DC1 /* barcalysUITests.xctest */ = {isa = PBXFileReference; explicitFileType = wrapper.cfbundle; includeInIndex = 0; path = barcalysUITests.xctest; sourceTree = BUILT_PRODUCTS_DIR; };
		19E599942D8A948C004F1DC1 /* barcalysUITests.swift */ = {isa = PBXFileReference; lastKnownFileType = sourcecode.swift; path = barcalysUITests.swift; sourceTree = "<group>"; };
		19E599962D8A948C004F1DC1 /* barcalysUITestsLaunchTests.swift */ = {isa = PBXFileReference; lastKnownFileType = sourcecode.swift; path = barcalysUITestsLaunchTests.swift; sourceTree = "<group>"; };
/* End PBXFileReference section */

/* Begin PBXFrameworksBuildPhase section */
		19E599732D8A948A004F1DC1 /* Frameworks */ = {
			isa = PBXFrameworksBuildPhase;
			buildActionMask = 2147483647;
			files = (
			);
			runOnlyForDeploymentPostprocessing = 0;
		};
		19E599832D8A948C004F1DC1 /* Frameworks */ = {
			isa = PBXFrameworksBuildPhase;
			buildActionMask = 2147483647;
			files = (
			);
			runOnlyForDeploymentPostprocessing = 0;
		};
		19E5998D2D8A948C004F1DC1 /* Frameworks */ = {
			isa = PBXFrameworksBuildPhase;
			buildActionMask = 2147483647;
			files = (
			);
			runOnlyForDeploymentPostprocessing = 0;
		};
/* End PBXFrameworksBuildPhase section */

/* Begin PBXGroup section */
		19AB86012FC9FC3800A38773 /* ViewModel */ = {
			isa = PBXGroup;
			children = (
				196F67C92FC8A4DD00E5F446 /* SearchViewModel.swift */,
			);
			path = ViewModel;
			sourceTree = "<group>";
		};
		19AB86022FC9FC4C00A38773 /* View */ = {
			isa = PBXGroup;
			children = (
				19E5997B2D8A948A004F1DC1 /* ContentView.swift */,
			);
			path = View;
			sourceTree = "<group>";
		};
		19AB86032FC9FC4D00A38773 /* Model */ = {
			isa = PBXGroup;
			children = (
				196F67C52FC8A41200E5F446 /* GithubModel.swift */,
			);
			path = Model;
			sourceTree = "<group>";
		};
		19AB86042FC9FC7500A38773 /* Service */ = {
			isa = PBXGroup;
			children = (
				196F67C72FC8A48700E5F446 /* GitHubService.swift */,
			);
			path = Service;
			sourceTree = "<group>";
		};
		19E5996D2D8A948A004F1DC1 = {
			isa = PBXGroup;
			children = (
				19E599782D8A948A004F1DC1 /* barcalys */,
				19E599892D8A948C004F1DC1 /* barcalysTests */,
				19E599932D8A948C004F1DC1 /* barcalysUITests */,
				19E599772D8A948A004F1DC1 /* Products */,
			);
			sourceTree = "<group>";
		};
		19E599772D8A948A004F1DC1 /* Products */ = {
			isa = PBXGroup;
			children = (
				19E599762D8A948A004F1DC1 /* barcalys.app */,
				19E599862D8A948C004F1DC1 /* barcalysTests.xctest */,
				19E599902D8A948C004F1DC1 /* barcalysUITests.xctest */,
			);
			name = Products;
			sourceTree = "<group>";
		};
		19E599782D8A948A004F1DC1 /* barcalys */ = {
			isa = PBXGroup;
			children = (
				19AB86042FC9FC7500A38773 /* Service */,
				19AB86032FC9FC4D00A38773 /* Model */,
				19AB86022FC9FC4C00A38773 /* View */,
				19AB86012FC9FC3800A38773 /* ViewModel */,
				19E599792D8A948A004F1DC1 /* barcalysApp.swift */,
				19E5997D2D8A948C004F1DC1 /* Assets.xcassets */,
				19E5997F2D8A948C004F1DC1 /* Preview Content */,
			);
			path = barcalys;
			sourceTree = "<group>";
		};
		19E5997F2D8A948C004F1DC1 /* Preview Content */ = {
			isa = PBXGroup;
			children = (
				19E599802D8A948C004F1DC1 /* Preview Assets.xcassets */,
			);
			path = "Preview Content";
			sourceTree = "<group>";
		};
		19E599892D8A948C004F1DC1 /* barcalysTests */ = {
			isa = PBXGroup;
			children = (
				19E5998A2D8A948C004F1DC1 /* barcalysTests.swift */,
			);
			path = barcalysTests;
			sourceTree = "<group>";
		};
		19E599932D8A948C004F1DC1 /* barcalysUITests */ = {
			isa = PBXGroup;
			children = (
				19E599942D8A948C004F1DC1 /* barcalysUITests.swift */,
				19E599962D8A948C004F1DC1 /* barcalysUITestsLaunchTests.swift */,
			);
			path = barcalysUITests;
			sourceTree = "<group>";
		};
/* End PBXGroup section */

/* Begin PBXNativeTarget section */
		19E599752D8A948A004F1DC1 /* barcalys */ = {
			isa = PBXNativeTarget;
			buildConfigurationList = 19E5999A2D8A948C004F1DC1 /* Build configuration list for PBXNativeTarget "barcalys" */;
			buildPhases = (
				19E599722D8A948A004F1DC1 /* Sources */,
				19E599732D8A948A004F1DC1 /* Frameworks */,
				19E599742D8A948A004F1DC1 /* Resources */,
			);
			buildRules = (
			);
			dependencies = (
			);
			name = barcalys;
			productName = barcalys;
			productReference = 19E599762D8A948A004F1DC1 /* barcalys.app */;
			productType = "com.apple.product-type.application";
		};
		19E599852D8A948C004F1DC1 /* barcalysTests */ = {
			isa = PBXNativeTarget;
			buildConfigurationList = 19E5999D2D8A948C004F1DC1 /* Build configuration list for PBXNativeTarget "barcalysTests" */;
			buildPhases = (
				19E599822D8A948C004F1DC1 /* Sources */,
				19E599832D8A948C004F1DC1 /* Frameworks */,
				19E599842D8A948C004F1DC1 /* Resources */,
			);
			buildRules = (
			);
			dependencies = (
				19E599882D8A948C004F1DC1 /* PBXTargetDependency */,
			);
			name = barcalysTests;
			productName = barcalysTests;
			productReference = 19E599862D8A948C004F1DC1 /* barcalysTests.xctest */;
			productType = "com.apple.product-type.bundle.unit-test";
		};
		19E5998F2D8A948C004F1DC1 /* barcalysUITests */ = {
			isa = PBXNativeTarget;
			buildConfigurationList = 19E599A02D8A948C004F1DC1 /* Build configuration list for PBXNativeTarget "barcalysUITests" */;
			buildPhases = (
				19E5998C2D8A948C004F1DC1 /* Sources */,
				19E5998D2D8A948C004F1DC1 /* Frameworks */,
				19E5998E2D8A948C004F1DC1 /* Resources */,
			);
			buildRules = (
			);
			dependencies = (
				19E599922D8A948C004F1DC1 /* PBXTargetDependency */,
			);
			name = barcalysUITests;
			productName = barcalysUITests;
			productReference = 19E599902D8A948C004F1DC1 /* barcalysUITests.xctest */;
			productType = "com.apple.product-type.bundle.ui-testing";
		};
/* End PBXNativeTarget section */

/* Begin PBXProject section */
		19E5996E2D8A948A004F1DC1 /* Project object */ = {
			isa = PBXProject;
			attributes = {
				BuildIndependentTargetsInParallel = 1;
				LastSwiftUpdateCheck = 1420;
				LastUpgradeCheck = 1420;
				TargetAttributes = {
					19E599752D8A948A004F1DC1 = {
						CreatedOnToolsVersion = 14.2;
					};
					19E599852D8A948C004F1DC1 = {
						CreatedOnToolsVersion = 14.2;
						TestTargetID = 19E599752D8A948A004F1DC1;
					};
					19E5998F2D8A948C004F1DC1 = {
						CreatedOnToolsVersion = 14.2;
						TestTargetID = 19E599752D8A948A004F1DC1;
					};
				};
			};
			buildConfigurationList = 19E599712D8A948A004F1DC1 /* Build configuration list for PBXProject "barcalys" */;
			compatibilityVersion = "Xcode 14.0";
			developmentRegion = en;
			hasScannedForEncodings = 0;
			knownRegions = (
				en,
				Base,
			);
			mainGroup = 19E5996D2D8A948A004F1DC1;
			productRefGroup = 19E599772D8A948A004F1DC1 /* Products */;
			projectDirPath = "";
			projectRoot = "";
			targets = (
				19E599752D8A948A004F1DC1 /* barcalys */,
				19E599852D8A948C004F1DC1 /* barcalysTests */,
				19E5998F2D8A948C004F1DC1 /* barcalysUITests */,
			);
		};
/* End PBXProject section */

/* Begin PBXResourcesBuildPhase section */
		19E599742D8A948A004F1DC1 /* Resources */ = {
			isa = PBXResourcesBuildPhase;
			buildActionMask = 2147483647;
			files = (
				19E599812D8A948C004F1DC1 /* Preview Assets.xcassets in Resources */,
				19E5997E2D8A948C004F1DC1 /* Assets.xcassets in Resources */,
			);
			runOnlyForDeploymentPostprocessing = 0;
		};
		19E599842D8A948C004F1DC1 /* Resources */ = {
			isa = PBXResourcesBuildPhase;
			buildActionMask = 2147483647;
			files = (
			);
			runOnlyForDeploymentPostprocessing = 0;
		};
		19E5998E2D8A948C004F1DC1 /* Resources */ = {
			isa = PBXResourcesBuildPhase;
			buildActionMask = 2147483647;
			files = (
			);
			runOnlyForDeploymentPostprocessing = 0;
		};
/* End PBXResourcesBuildPhase section */

/* Begin PBXSourcesBuildPhase section */
		19E599722D8A948A004F1DC1 /* Sources */ = {
			isa = PBXSourcesBuildPhase;
			buildActionMask = 2147483647;
			files = (
				196F67C82FC8A48700E5F446 /* GitHubService.swift in Sources */,
				196F67C62FC8A41300E5F446 /* GithubModel.swift in Sources */,
				19E5997C2D8A948A004F1DC1 /* ContentView.swift in Sources */,
				19E5997A2D8A948A004F1DC1 /* barcalysApp.swift in Sources */,
				196F67CA2FC8A4DD00E5F446 /* SearchViewModel.swift in Sources */,
			);
			runOnlyForDeploymentPostprocessing = 0;
		};
		19E599822D8A948C004F1DC1 /* Sources */ = {
			isa = PBXSourcesBuildPhase;
			buildActionMask = 2147483647;
			files = (
				19E5998B2D8A948C004F1DC1 /* barcalysTests.swift in Sources */,
			);
			runOnlyForDeploymentPostprocessing = 0;
		};
		19E5998C2D8A948C004F1DC1 /* Sources */ = {
			isa = PBXSourcesBuildPhase;
			buildActionMask = 2147483647;
			files = (
				19E599972D8A948C004F1DC1 /* barcalysUITestsLaunchTests.swift in Sources */,
				19E599952D8A948C004F1DC1 /* barcalysUITests.swift in Sources */,
			);
			runOnlyForDeploymentPostprocessing = 0;
		};
/* End PBXSourcesBuildPhase section */

/* Begin PBXTargetDependency section */
		19E599882D8A948C004F1DC1 /* PBXTargetDependency */ = {
			isa = PBXTargetDependency;
			target = 19E599752D8A948A004F1DC1 /* barcalys */;
			targetProxy = 19E599872D8A948C004F1DC1 /* PBXContainerItemProxy */;
		};
		19E599922D8A948C004F1DC1 /* PBXTargetDependency */ = {
			isa = PBXTargetDependency;
			target = 19E599752D8A948A004F1DC1 /* barcalys */;
			targetProxy = 19E599912D8A948C004F1DC1 /* PBXContainerItemProxy */;
		};
/* End PBXTargetDependency section */

/* Begin XCBuildConfiguration section */
		19E599982D8A948C004F1DC1 /* Debug */ = {
			isa = XCBuildConfiguration;
			buildSettings = {
				ALWAYS_SEARCH_USER_PATHS = NO;
				CLANG_ANALYZER_NONNULL = YES;
				CLANG_ANALYZER_NUMBER_OBJECT_CONVERSION = YES_AGGRESSIVE;
				CLANG_CXX_LANGUAGE_STANDARD = "gnu++20";
				CLANG_ENABLE_MODULES = YES;
				CLANG_ENABLE_OBJC_ARC = YES;
				CLANG_ENABLE_OBJC_WEAK = YES;
				CLANG_WARN_BLOCK_CAPTURE_AUTORELEASING = YES;
				CLANG_WARN_BOOL_CONVERSION = YES;
				CLANG_WARN_COMMA = YES;
				CLANG_WARN_CONSTANT_CONVERSION = YES;
				CLANG_WARN_DEPRECATED_OBJC_IMPLEMENTATIONS = YES;
				CLANG_WARN_DIRECT_OBJC_ISA_USAGE = YES_ERROR;
				CLANG_WARN_DOCUMENTATION_COMMENTS = YES;
				CLANG_WARN_EMPTY_BODY = YES;
				CLANG_WARN_ENUM_CONVERSION = YES;
				CLANG_WARN_INFINITE_RECURSION = YES;
				CLANG_WARN_INT_CONVERSION = YES;
				CLANG_WARN_NON_LITERAL_NULL_CONVERSION = YES;
				CLANG_WARN_OBJC_IMPLICIT_RETAIN_SELF = YES;
				CLANG_WARN_OBJC_LITERAL_CONVERSION = YES;
				CLANG_WARN_OBJC_ROOT_CLASS = YES_ERROR;
				CLANG_WARN_QUOTED_INCLUDE_IN_FRAMEWORK_HEADER = YES;
				CLANG_WARN_RANGE_LOOP_ANALYSIS = YES;
				CLANG_WARN_STRICT_PROTOTYPES = YES;
				CLANG_WARN_SUSPICIOUS_MOVE = YES;
				CLANG_WARN_UNGUARDED_AVAILABILITY = YES_AGGRESSIVE;
				CLANG_WARN_UNREACHABLE_CODE = YES;
				CLANG_WARN__DUPLICATE_METHOD_MATCH = YES;
				COPY_PHASE_STRIP = NO;
				DEBUG_INFORMATION_FORMAT = dwarf;
				ENABLE_STRICT_OBJC_MSGSEND = YES;
				ENABLE_TESTABILITY = YES;
				GCC_C_LANGUAGE_STANDARD = gnu11;
				GCC_DYNAMIC_NO_PIC = NO;
				GCC_NO_COMMON_BLOCKS = YES;
				GCC_OPTIMIZATION_LEVEL = 0;
				GCC_PREPROCESSOR_DEFINITIONS = (
					"DEBUG=1",
					"$(inherited)",
				);
				GCC_WARN_64_TO_32_BIT_CONVERSION = YES;
				GCC_WARN_ABOUT_RETURN_TYPE = YES_ERROR;
				GCC_WARN_UNDECLARED_SELECTOR = YES;
				GCC_WARN_UNINITIALIZED_AUTOS = YES_AGGRESSIVE;
				GCC_WARN_UNUSED_FUNCTION = YES;
				GCC_WARN_UNUSED_VARIABLE = YES;
				IPHONEOS_DEPLOYMENT_TARGET = 16.2;
				MTL_ENABLE_DEBUG_INFO = INCLUDE_SOURCE;
				MTL_FAST_MATH = YES;
				ONLY_ACTIVE_ARCH = YES;
				SDKROOT = iphoneos;
				SWIFT_ACTIVE_COMPILATION_CONDITIONS = DEBUG;
				SWIFT_OPTIMIZATION_LEVEL = "-Onone";
			};
			name = Debug;
		};
		19E599992D8A948C004F1DC1 /* Release */ = {
			isa = XCBuildConfiguration;
			buildSettings = {
				ALWAYS_SEARCH_USER_PATHS = NO;
				CLANG_ANALYZER_NONNULL = YES;
				CLANG_ANALYZER_NUMBER_OBJECT_CONVERSION = YES_AGGRESSIVE;
				CLANG_CXX_LANGUAGE_STANDARD = "gnu++20";
				CLANG_ENABLE_MODULES = YES;
				CLANG_ENABLE_OBJC_ARC = YES;
				CLANG_ENABLE_OBJC_WEAK = YES;
				CLANG_WARN_BLOCK_CAPTURE_AUTORELEASING = YES;
				CLANG_WARN_BOOL_CONVERSION = YES;
				CLANG_WARN_COMMA = YES;
				CLANG_WARN_CONSTANT_CONVERSION = YES;
				CLANG_WARN_DEPRECATED_OBJC_IMPLEMENTATIONS = YES;
				CLANG_WARN_DIRECT_OBJC_ISA_USAGE = YES_ERROR;
				CLANG_WARN_DOCUMENTATION_COMMENTS = YES;
				CLANG_WARN_EMPTY_BODY = YES;
				CLANG_WARN_ENUM_CONVERSION = YES;
				CLANG_WARN_INFINITE_RECURSION = YES;
				CLANG_WARN_INT_CONVERSION = YES;
				CLANG_WARN_NON_LITERAL_NULL_CONVERSION = YES;
				CLANG_WARN_OBJC_IMPLICIT_RETAIN_SELF = YES;
				CLANG_WARN_OBJC_LITERAL_CONVERSION = YES;
				CLANG_WARN_OBJC_ROOT_CLASS = YES_ERROR;
				CLANG_WARN_QUOTED_INCLUDE_IN_FRAMEWORK_HEADER = YES;
				CLANG_WARN_RANGE_LOOP_ANALYSIS = YES;
				CLANG_WARN_STRICT_PROTOTYPES = YES;
				CLANG_WARN_SUSPICIOUS_MOVE = YES;
				CLANG_WARN_UNGUARDED_AVAILABILITY = YES_AGGRESSIVE;
				CLANG_WARN_UNREACHABLE_CODE = YES;
				CLANG_WARN__DUPLICATE_METHOD_MATCH = YES;
				COPY_PHASE_STRIP = NO;
				DEBUG_INFORMATION_FORMAT = "dwarf-with-dsym";
				ENABLE_NS_ASSERTIONS = NO;
				ENABLE_STRICT_OBJC_MSGSEND = YES;
				GCC_C_LANGUAGE_STANDARD = gnu11;
				GCC_NO_COMMON_BLOCKS = YES;
				GCC_WARN_64_TO_32_BIT_CONVERSION = YES;
				GCC_WARN_ABOUT_RETURN_TYPE = YES_ERROR;
				GCC_WARN_UNDECLARED_SELECTOR = YES;
				GCC_WARN_UNINITIALIZED_AUTOS = YES_AGGRESSIVE;
				GCC_WARN_UNUSED_FUNCTION = YES;
				GCC_WARN_UNUSED_VARIABLE = YES;
				IPHONEOS_DEPLOYMENT_TARGET = 16.2;
				MTL_ENABLE_DEBUG_INFO = NO;
				MTL_FAST_MATH = YES;
				SDKROOT = iphoneos;
				SWIFT_COMPILATION_MODE = wholemodule;
				SWIFT_OPTIMIZATION_LEVEL = "-O";
				VALIDATE_PRODUCT = YES;
			};
			name = Release;
		};
		19E5999B2D8A948C004F1DC1 /* Debug */ = {
			isa = XCBuildConfiguration;
			buildSettings = {
				ASSETCATALOG_COMPILER_APPICON_NAME = AppIcon;
				ASSETCATALOG_COMPILER_GLOBAL_ACCENT_COLOR_NAME = AccentColor;
				CODE_SIGN_STYLE = Automatic;
				CURRENT_PROJECT_VERSION = 1;
				DEVELOPMENT_ASSET_PATHS = "\"barcalys/Preview Content\"";
				DEVELOPMENT_TEAM = 999U3TAW93;
				ENABLE_PREVIEWS = YES;
				GENERATE_INFOPLIST_FILE = YES;
				INFOPLIST_KEY_UIApplicationSceneManifest_Generation = YES;
				INFOPLIST_KEY_UIApplicationSupportsIndirectInputEvents = YES;
				INFOPLIST_KEY_UILaunchScreen_Generation = YES;
				INFOPLIST_KEY_UISupportedInterfaceOrientations_iPad = "UIInterfaceOrientationPortrait UIInterfaceOrientationPortraitUpsideDown UIInterfaceOrientationLandscapeLeft UIInterfaceOrientationLandscapeRight";
				INFOPLIST_KEY_UISupportedInterfaceOrientations_iPhone = "UIInterfaceOrientationPortrait UIInterfaceOrientationLandscapeLeft UIInterfaceOrientationLandscapeRight";
				LD_RUNPATH_SEARCH_PATHS = (
					"$(inherited)",
					"@executable_path/Frameworks",
				);
				MARKETING_VERSION = 1.0;
				PRODUCT_BUNDLE_IDENTIFIER = abc.barcalys;
				PRODUCT_NAME = "$(TARGET_NAME)";
				SWIFT_EMIT_LOC_STRINGS = YES;
				SWIFT_VERSION = 5.0;
				TARGETED_DEVICE_FAMILY = "1,2";
			};
			name = Debug;
		};
		19E5999C2D8A948C004F1DC1 /* Release */ = {
			isa = XCBuildConfiguration;
			buildSettings = {
				ASSETCATALOG_COMPILER_APPICON_NAME = AppIcon;
				ASSETCATALOG_COMPILER_GLOBAL_ACCENT_COLOR_NAME = AccentColor;
				CODE_SIGN_STYLE = Automatic;
				CURRENT_PROJECT_VERSION = 1;
				DEVELOPMENT_ASSET_PATHS = "\"barcalys/Preview Content\"";
				DEVELOPMENT_TEAM = 999U3TAW93;
				ENABLE_PREVIEWS = YES;
				GENERATE_INFOPLIST_FILE = YES;
				INFOPLIST_KEY_UIApplicationSceneManifest_Generation = YES;
				INFOPLIST_KEY_UIApplicationSupportsIndirectInputEvents = YES;
				INFOPLIST_KEY_UILaunchScreen_Generation = YES;
				INFOPLIST_KEY_UISupportedInterfaceOrientations_iPad = "UIInterfaceOrientationPortrait UIInterfaceOrientationPortraitUpsideDown UIInterfaceOrientationLandscapeLeft UIInterfaceOrientationLandscapeRight";
				INFOPLIST_KEY_UISupportedInterfaceOrientations_iPhone = "UIInterfaceOrientationPortrait UIInterfaceOrientationLandscapeLeft UIInterfaceOrientationLandscapeRight";
				LD_RUNPATH_SEARCH_PATHS = (
					"$(inherited)",
					"@executable_path/Frameworks",
				);
				MARKETING_VERSION = 1.0;
				PRODUCT_BUNDLE_IDENTIFIER = abc.barcalys;
				PRODUCT_NAME = "$(TARGET_NAME)";
				SWIFT_EMIT_LOC_STRINGS = YES;
				SWIFT_VERSION = 5.0;
				TARGETED_DEVICE_FAMILY = "1,2";
			};
			name = Release;
		};
		19E5999E2D8A948C004F1DC1 /* Debug */ = {
			isa = XCBuildConfiguration;
			buildSettings = {
				ALWAYS_EMBED_SWIFT_STANDARD_LIBRARIES = YES;
				BUNDLE_LOADER = "$(TEST_HOST)";
				CODE_SIGN_STYLE = Automatic;
				CURRENT_PROJECT_VERSION = 1;
				DEVELOPMENT_TEAM = 999U3TAW93;
				GENERATE_INFOPLIST_FILE = YES;
				IPHONEOS_DEPLOYMENT_TARGET = 16.2;
				MARKETING_VERSION = 1.0;
				PRODUCT_BUNDLE_IDENTIFIER = abc.barcalysTests;
				PRODUCT_NAME = "$(TARGET_NAME)";
				SWIFT_EMIT_LOC_STRINGS = NO;
				SWIFT_VERSION = 5.0;
				TARGETED_DEVICE_FAMILY = "1,2";
				TEST_HOST = "$(BUILT_PRODUCTS_DIR)/barcalys.app/$(BUNDLE_EXECUTABLE_FOLDER_PATH)/barcalys";
			};
			name = Debug;
		};
		19E5999F2D8A948C004F1DC1 /* Release */ = {
			isa = XCBuildConfiguration;
			buildSettings = {
				ALWAYS_EMBED_SWIFT_STANDARD_LIBRARIES = YES;
				BUNDLE_LOADER = "$(TEST_HOST)";
				CODE_SIGN_STYLE = Automatic;
				CURRENT_PROJECT_VERSION = 1;
				DEVELOPMENT_TEAM = 999U3TAW93;
				GENERATE_INFOPLIST_FILE = YES;
				IPHONEOS_DEPLOYMENT_TARGET = 16.2;
				MARKETING_VERSION = 1.0;
				PRODUCT_BUNDLE_IDENTIFIER = abc.barcalysTests;
				PRODUCT_NAME = "$(TARGET_NAME)";
				SWIFT_EMIT_LOC_STRINGS = NO;
				SWIFT_VERSION = 5.0;
				TARGETED_DEVICE_FAMILY = "1,2";
				TEST_HOST = "$(BUILT_PRODUCTS_DIR)/barcalys.app/$(BUNDLE_EXECUTABLE_FOLDER_PATH)/barcalys";
			};
			name = Release;
		};
		19E599A12D8A948C004F1DC1 /* Debug */ = {
			isa = XCBuildConfiguration;
			buildSettings = {
				ALWAYS_EMBED_SWIFT_STANDARD_LIBRARIES = YES;
				CODE_SIGN_STYLE = Automatic;
				CURRENT_PROJECT_VERSION = 1;
				DEVELOPMENT_TEAM = 999U3TAW93;
				GENERATE_INFOPLIST_FILE = YES;
				MARKETING_VERSION = 1.0;
				PRODUCT_BUNDLE_IDENTIFIER = abc.barcalysUITests;
				PRODUCT_NAME = "$(TARGET_NAME)";
				SWIFT_EMIT_LOC_STRINGS = NO;
				SWIFT_VERSION = 5.0;
				TARGETED_DEVICE_FAMILY = "1,2";
				TEST_TARGET_NAME = barcalys;
			};
			name = Debug;
		};
		19E599A22D8A948C004F1DC1 /* Release */ = {
			isa = XCBuildConfiguration;
			buildSettings = {
				ALWAYS_EMBED_SWIFT_STANDARD_LIBRARIES = YES;
				CODE_SIGN_STYLE = Automatic;
				CURRENT_PROJECT_VERSION = 1;
				DEVELOPMENT_TEAM = 999U3TAW93;
				GENERATE_INFOPLIST_FILE = YES;
				MARKETING_VERSION = 1.0;
				PRODUCT_BUNDLE_IDENTIFIER = abc.barcalysUITests;
				PRODUCT_NAME = "$(TARGET_NAME)";
				SWIFT_EMIT_LOC_STRINGS = NO;
				SWIFT_VERSION = 5.0;
				TARGETED_DEVICE_FAMILY = "1,2";
				TEST_TARGET_NAME = barcalys;
			};
			name = Release;
		};
/* End XCBuildConfiguration section */

/* Begin XCConfigurationList section */
		19E599712D8A948A004F1DC1 /* Build configuration list for PBXProject "barcalys" */ = {
			isa = XCConfigurationList;
			buildConfigurations = (
				19E599982D8A948C004F1DC1 /* Debug */,
				19E599992D8A948C004F1DC1 /* Release */,
			);
			defaultConfigurationIsVisible = 0;
			defaultConfigurationName = Release;
		};
		19E5999A2D8A948C004F1DC1 /* Build configuration list for PBXNativeTarget "barcalys" */ = {
			isa = XCConfigurationList;
			buildConfigurations = (
				19E5999B2D8A948C004F1DC1 /* Debug */,
				19E5999C2D8A948C004F1DC1 /* Release */,
			);
			defaultConfigurationIsVisible = 0;
			defaultConfigurationName = Release;
		};
		19E5999D2D8A948C004F1DC1 /* Build configuration list for PBXNativeTarget "barcalysTests" */ = {
			isa = XCConfigurationList;
			buildConfigurations = (
				19E5999E2D8A948C004F1DC1 /* Debug */,
				19E5999F2D8A948C004F1DC1 /* Release */,
			);
			defaultConfigurationIsVisible = 0;
			defaultConfigurationName = Release;
		};
		19E599A02D8A948C004F1DC1 /* Build configuration list for PBXNativeTarget "barcalysUITests" */ = {
			isa = XCConfigurationList;
			buildConfigurations = (
				19E599A12D8A948C004F1DC1 /* Debug */,
				19E599A22D8A948C004F1DC1 /* Release */,
			);
			defaultConfigurationIsVisible = 0;
			defaultConfigurationName = Release;
		};
/* End XCConfigurationList section */
	};
	rootObject = 19E5996E2D8A948A004F1DC1 /* Project object */;
}
